{
  "version": 4,
  "terraform_version": "1.0.9",
  "serial": 11,
  "lineage": "2a077233-85ef-111d-bbed-58517934368b",
  "outputs": {},
  "resources": [
    {
      "mode": "managed",
      "type": "azurerm_resource_group",
      "name": "rg",
      "provider": "provider[\"registry.terraform.io/hashicorp/azurerm\"]",
      "instances": [
        {
          "schema_version": 0,
          "attributes": {
            "id": "/subscriptions/59e0b8d8-1e74-4732-babe-d4fa284ffc59/resourceGroups/rg-monitoring-prod-shpark",
            "location": "koreacentral",
            "name": "rg-monitoring-prod-shpark",
            "tags": {},
            "timeouts": null
          },
          "sensitive_attributes": [],
          "private": "eyJlMmJmYjczMC1lY2FhLTExZTYtOGY4OC0zNDM2M2JjN2M0YzAiOnsiY3JlYXRlIjo1NDAwMDAwMDAwMDAwLCJkZWxldGUiOjU0MDAwMDAwMDAwMDAsInJlYWQiOjMwMDAwMDAwMDAwMCwidXBkYXRlIjo1NDAwMDAwMDAwMDAwfX0="
        }
      ]
    },
    {
      "module": "module.vnet",
      "mode": "data",
      "type": "azurerm_resource_group",
      "name": "vnet",
      "provider": "provider[\"registry.terraform.io/hashicorp/azurerm\"]",
      "instances": [
        {
          "schema_version": 0,
          "attributes": {
            "id": "/subscriptions/59e0b8d8-1e74-4732-babe-d4fa284ffc59/resourceGroups/rg-monitoring-prod-shpark",
            "location": "koreacentral",
            "name": "rg-monitoring-prod-shpark",
            "tags": {},
            "timeouts": null
          },
          "sensitive_attributes": []
        }
      ]
    },
    {
      "module": "module.vnet",
      "mode": "managed",
      "type": "azurerm_subnet",
      "name": "subnet",
      "provider": "provider[\"registry.terraform.io/hashicorp/azurerm\"]",
      "instances": [
        {
          "index_key": 0,
          "schema_version": 0,
          "attributes": {
            "address_prefix": "10.80.10.0/24",
            "address_prefixes": [
              "10.80.10.0/24"
            ],
            "delegation": [],
            "enforce_private_link_endpoint_network_policies": false,
            "enforce_private_link_service_network_policies": false,
            "id": "/subscriptions/59e0b8d8-1e74-4732-babe-d4fa284ffc59/resourceGroups/rg-monitoring-prod-shpark/providers/Microsoft.Network/virtualNetworks/acctvnet/subnets/snet-prod-koreacentera-prod-1",
            "name": "snet-prod-koreacentera-prod-1",
            "resource_group_name": "rg-monitoring-prod-shpark",
            "service_endpoint_policy_ids": [],
            "service_endpoints": [],
            "timeouts": null,
            "virtual_network_name": "acctvnet"
          },
          "sensitive_attributes": [],
          "private": "eyJlMmJmYjczMC1lY2FhLTExZTYtOGY4OC0zNDM2M2JjN2M0YzAiOnsiY3JlYXRlIjoxODAwMDAwMDAwMDAwLCJkZWxldGUiOjE4MDAwMDAwMDAwMDAsInJlYWQiOjMwMDAwMDAwMDAwMCwidXBkYXRlIjoxODAwMDAwMDAwMDAwfX0=",
          "dependencies": [
            "azurerm_resource_group.rg",
            "module.vnet.azurerm_virtual_network.vnet",
            "module.vnet.data.azurerm_resource_group.vnet"
          ]
        },
        {
          "index_key": 1,
          "schema_version": 0,
          "attributes": {
            "address_prefix": "10.80.20.0/24",
            "address_prefixes": [
              "10.80.20.0/24"
            ],
            "delegation": [],
            "enforce_private_link_endpoint_network_policies": false,
            "enforce_private_link_service_network_policies": false,
            "id": "/subscriptions/59e0b8d8-1e74-4732-babe-d4fa284ffc59/resourceGroups/rg-monitoring-prod-shpark/providers/Microsoft.Network/virtualNetworks/acctvnet/subnets/snet-prod-koreacentera-prod-2",
            "name": "snet-prod-koreacentera-prod-2",
            "resource_group_name": "rg-monitoring-prod-shpark",
            "service_endpoint_policy_ids": [],
            "service_endpoints": [],
            "timeouts": null,
            "virtual_network_name": "acctvnet"
          },
          "sensitive_attributes": [],
          "private": "eyJlMmJmYjczMC1lY2FhLTExZTYtOGY4OC0zNDM2M2JjN2M0YzAiOnsiY3JlYXRlIjoxODAwMDAwMDAwMDAwLCJkZWxldGUiOjE4MDAwMDAwMDAwMDAsInJlYWQiOjMwMDAwMDAwMDAwMCwidXBkYXRlIjoxODAwMDAwMDAwMDAwfX0=",
          "dependencies": [
            "azurerm_resource_group.rg",
            "module.vnet.azurerm_virtual_network.vnet",
            "module.vnet.data.azurerm_resource_group.vnet"
          ]
        },
        {
          "index_key": 2,
          "schema_version": 0,
          "attributes": {
            "address_prefix": "10.80.30.0/24",
            "address_prefixes": [
              "10.80.30.0/24"
            ],
            "delegation": [],
            "enforce_private_link_endpoint_network_policies": false,
            "enforce_private_link_service_network_policies": false,
            "id": "/subscriptions/59e0b8d8-1e74-4732-babe-d4fa284ffc59/resourceGroups/rg-monitoring-prod-shpark/providers/Microsoft.Network/virtualNetworks/acctvnet/subnets/snet-prod-koreacentera-prod-3",
            "name": "snet-prod-koreacentera-prod-3",
            "resource_group_name": "rg-monitoring-prod-shpark",
            "service_endpoint_policy_ids": [],
            "service_endpoints": [],
            "timeouts": null,
            "virtual_network_name": "acctvnet"
          },
          "sensitive_attributes": [],
          "private": "eyJlMmJmYjczMC1lY2FhLTExZTYtOGY4OC0zNDM2M2JjN2M0YzAiOnsiY3JlYXRlIjoxODAwMDAwMDAwMDAwLCJkZWxldGUiOjE4MDAwMDAwMDAwMDAsInJlYWQiOjMwMDAwMDAwMDAwMCwidXBkYXRlIjoxODAwMDAwMDAwMDAwfX0=",
          "dependencies": [
            "azurerm_resource_group.rg",
            "module.vnet.azurerm_virtual_network.vnet",
            "module.vnet.data.azurerm_resource_group.vnet"
          ]
        },
        {
          "index_key": 3,
          "schema_version": 0,
          "attributes": {
            "address_prefix": "10.80.40.0/24",
            "address_prefixes": [
              "10.80.40.0/24"
            ],
            "delegation": [],
            "enforce_private_link_endpoint_network_policies": false,
            "enforce_private_link_service_network_policies": false,
            "id": "/subscriptions/59e0b8d8-1e74-4732-babe-d4fa284ffc59/resourceGroups/rg-monitoring-prod-shpark/providers/Microsoft.Network/virtualNetworks/acctvnet/subnets/snet-prod-koreacentera-prod-4",
            "name": "snet-prod-koreacentera-prod-4",
            "resource_group_name": "rg-monitoring-prod-shpark",
            "service_endpoint_policy_ids": [],
            "service_endpoints": [],
            "timeouts": null,
            "virtual_network_name": "acctvnet"
          },
          "sensitive_attributes": [],
          "private": "eyJlMmJmYjczMC1lY2FhLTExZTYtOGY4OC0zNDM2M2JjN2M0YzAiOnsiY3JlYXRlIjoxODAwMDAwMDAwMDAwLCJkZWxldGUiOjE4MDAwMDAwMDAwMDAsInJlYWQiOjMwMDAwMDAwMDAwMCwidXBkYXRlIjoxODAwMDAwMDAwMDAwfX0=",
          "dependencies": [
            "module.vnet.data.azurerm_resource_group.vnet",
            "azurerm_resource_group.rg",
            "module.vnet.azurerm_virtual_network.vnet"
          ]
        }
      ]
    },
    {
      "module": "module.vnet",
      "mode": "managed",
      "type": "azurerm_virtual_network",
      "name": "vnet",
      "provider": "provider[\"registry.terraform.io/hashicorp/azurerm\"]",
      "instances": [
        {
          "schema_version": 0,
          "attributes": {
            "address_space": [
              "10.80.0.0/16"
            ],
            "bgp_community": "",
            "ddos_protection_plan": [],
            "dns_servers": [],
            "guid": "7946b428-c424-4e5d-be5a-f17884df8c1a",
            "id": "/subscriptions/59e0b8d8-1e74-4732-babe-d4fa284ffc59/resourceGroups/rg-monitoring-prod-shpark/providers/Microsoft.Network/virtualNetworks/acctvnet",
            "location": "koreacentral",
            "name": "acctvnet",
            "resource_group_name": "rg-monitoring-prod-shpark",
            "subnet": [
              {
                "address_prefix": "10.80.10.0/24",
                "id": "/subscriptions/59e0b8d8-1e74-4732-babe-d4fa284ffc59/resourceGroups/rg-monitoring-prod-shpark/providers/Microsoft.Network/virtualNetworks/acctvnet/subnets/snet-prod-koreacentera-prod-1",
                "name": "snet-prod-koreacentera-prod-1",
                "security_group": ""
              },
              {
                "address_prefix": "10.80.20.0/24",
                "id": "/subscriptions/59e0b8d8-1e74-4732-babe-d4fa284ffc59/resourceGroups/rg-monitoring-prod-shpark/providers/Microsoft.Network/virtualNetworks/acctvnet/subnets/snet-prod-koreacentera-prod-2",
                "name": "snet-prod-koreacentera-prod-2",
                "security_group": ""
              },
              {
                "address_prefix": "10.80.30.0/24",
                "id": "/subscriptions/59e0b8d8-1e74-4732-babe-d4fa284ffc59/resourceGroups/rg-monitoring-prod-shpark/providers/Microsoft.Network/virtualNetworks/acctvnet/subnets/snet-prod-koreacentera-prod-3",
                "name": "snet-prod-koreacentera-prod-3",
                "security_group": ""
              },
              {
                "address_prefix": "10.80.40.0/24",
                "id": "/subscriptions/59e0b8d8-1e74-4732-babe-d4fa284ffc59/resourceGroups/rg-monitoring-prod-shpark/providers/Microsoft.Network/virtualNetworks/acctvnet/subnets/snet-prod-koreacentera-prod-4",
                "name": "snet-prod-koreacentera-prod-4",
                "security_group": ""
              }
            ],
            "tags": {
              "ENV": "test"
            },
            "timeouts": null,
            "vm_protection_enabled": false
          },
          "sensitive_attributes": [],
          "private": "eyJlMmJmYjczMC1lY2FhLTExZTYtOGY4OC0zNDM2M2JjN2M0YzAiOnsiY3JlYXRlIjoxODAwMDAwMDAwMDAwLCJkZWxldGUiOjE4MDAwMDAwMDAwMDAsInJlYWQiOjMwMDAwMDAwMDAwMCwidXBkYXRlIjoxODAwMDAwMDAwMDAwfX0=",
          "dependencies": [
            "azurerm_resource_group.rg",
            "module.vnet.data.azurerm_resource_group.vnet"
          ]
        }
      ]
    }
  ]
}
